// !$*UTF8*$!
{
	archiveVersion = 1;
	classes = {
	};
	objectVersion = 55;
	objects = {

/* Begin PBXBuildFile section */
		4E76BB4E290B011F00DDF52B /* WelcomePageController.swift in Sources */ = {isa = PBXBuildFile; fileRef = 4E76BB4D290B011F00DDF52B /* WelcomePageController.swift */; };
		4E76BB50290C8D5F00DDF52B /* ListPageController.swift in Sources */ = {isa = PBXBuildFile; fileRef = 4E76BB4F290C8D5F00DDF52B /* ListPageController.swift */; };
		4EC6D023290972E70079062F /* AppDelegate.swift in Sources */ = {isa = PBXBuildFile; fileRef = 4EC6D022290972E70079062F /* AppDelegate.swift */; };
		4EC6D025290972E70079062F /* SceneDelegate.swift in Sources */ = {isa = PBXBuildFile; fileRef = 4EC6D024290972E70079062F /* SceneDelegate.swift */; };
		4EC6D027290972E70079062F /* ViewController.swift in Sources */ = {isa = PBXBuildFile; fileRef = 4EC6D026290972E70079062F /* ViewController.swift */; };
		4EC6D02A290972E70079062F /* Main.storyboard in Resources */ = {isa = PBXBuildFile; fileRef = 4EC6D028290972E70079062F /* Main.storyboard */; };
		4EC6D02C290972E70079062F /* Assets.xcassets in Resources */ = {isa = PBXBuildFile; fileRef = 4EC6D02B290972E70079062F /* Assets.xcassets */; };
		4EC6D02F290972E70079062F /* LaunchScreen.storyboard in Resources */ = {isa = PBXBuildFile; fileRef = 4EC6D02D290972E70079062F /* LaunchScreen.storyboard */; };
		4EE011E3290AF151008B79AB /* Nunito-Medium.ttf in Resources */ = {isa = PBXBuildFile; fileRef = 4EE011E2290AF151008B79AB /* Nunito-Medium.ttf */; };
		4EE011E5290AF444008B79AB /* Nunito-Light.ttf in Resources */ = {isa = PBXBuildFile; fileRef = 4EE011E4290AF444008B79AB /* Nunito-Light.ttf */; };
		4EF999F0290AE4A100AB2D56 /* Ubuntu-Title.ttf in Resources */ = {isa = PBXBuildFile; fileRef = 4EF999EF290AE4A100AB2D56 /* Ubuntu-Title.ttf */; };
		4EF999F2290AE61000AB2D56 /* MavenPro-VariableFont_wght.ttf in Resources */ = {isa = PBXBuildFile; fileRef = 4EF999F1290AE61000AB2D56 /* MavenPro-VariableFont_wght.ttf */; };
		4EF999F4290AE72600AB2D56 /* FS-Joey-Bold.ttf in Resources */ = {isa = PBXBuildFile; fileRef = 4EF999F3290AE72600AB2D56 /* FS-Joey-Bold.ttf */; };
		4EF999F6290AE80300AB2D56 /* Nunito-Bold.ttf in Resources */ = {isa = PBXBuildFile; fileRef = 4EF999F5290AE80300AB2D56 /* Nunito-Bold.ttf */; };
/* End PBXBuildFile section */

/* Begin PBXFileReference section */
		4E76BB4D290B011F00DDF52B /* WelcomePageController.swift */ = {isa = PBXFileReference; lastKnownFileType = sourcecode.swift; path = WelcomePageController.swift; sourceTree = "<group>"; };
		4E76BB4F290C8D5F00DDF52B /* ListPageController.swift */ = {isa = PBXFileReference; lastKnownFileType = sourcecode.swift; path = ListPageController.swift; sourceTree = "<group>"; };
		4EC6D01F290972E70079062F /* loveitlife.app */ = {isa = PBXFileReference; explicitFileType = wrapper.application; includeInIndex = 0; path = loveitlife.app; sourceTree = BUILT_PRODUCTS_DIR; };
		4EC6D022290972E70079062F /* AppDelegate.swift */ = {isa = PBXFileReference; lastKnownFileType = sourcecode.swift; path = AppDelegate.swift; sourceTree = "<group>"; };
		4EC6D024290972E70079062F /* SceneDelegate.swift */ = {isa = PBXFileReference; lastKnownFileType = sourcecode.swift; path = SceneDelegate.swift; sourceTree = "<group>"; };
		4EC6D026290972E70079062F /* ViewController.swift */ = {isa = PBXFileReference; lastKnownFileType = sourcecode.swift; path = ViewController.swift; sourceTree = "<group>"; };
		4EC6D029290972E70079062F /* Base */ = {isa = PBXFileReference; lastKnownFileType = file.storyboard; name = Base; path = Base.lproj/Main.storyboard; sourceTree = "<group>"; };
		4EC6D02B290972E70079062F /* Assets.xcassets */ = {isa = PBXFileReference; lastKnownFileType = folder.assetcatalog; path = Assets.xcassets; sourceTree = "<group>"; };
		4EC6D02E290972E70079062F /* Base */ = {isa = PBXFileReference; lastKnownFileType = file.storyboard; name = Base; path = Base.lproj/LaunchScreen.storyboard; sourceTree = "<group>"; };
		4EC6D030290972E70079062F /* Info.plist */ = {isa = PBXFileReference; lastKnownFileType = text.plist.xml; path = Info.plist; sourceTree = "<group>"; };
		4EE011E2290AF151008B79AB /* Nunito-Medium.ttf */ = {isa = PBXFileReference; lastKnownFileType = file; name = "Nunito-Medium.ttf"; path = "../../../Nunito (1)/static/Nunito-Medium.ttf"; sourceTree = "<group>"; };
		4EE011E4290AF444008B79AB /* Nunito-Light.ttf */ = {isa = PBXFileReference; lastKnownFileType = file; name = "Nunito-Light.ttf"; path = "../../../Nunito (1)/static/Nunito-Light.ttf"; sourceTree = "<group>"; };
		4EF999EF290AE4A100AB2D56 /* Ubuntu-Title.ttf */ = {isa = PBXFileReference; lastKnownFileType = file; name = "Ubuntu-Title.ttf"; path = "../../../ubuntu_title/Ubuntu-Title.ttf"; sourceTree = "<group>"; };
		4EF999F1290AE61000AB2D56 /* MavenPro-VariableFont_wght.ttf */ = {isa = PBXFileReference; lastKnownFileType = file; name = "MavenPro-VariableFont_wght.ttf"; path = "../../../Maven_Pro/MavenPro-VariableFont_wght.ttf"; sourceTree = "<group>"; };
		4EF999F3290AE72600AB2D56 /* FS-Joey-Bold.ttf */ = {isa = PBXFileReference; lastKnownFileType = file; name = "FS-Joey-Bold.ttf"; path = "../../../../Downloads/FS-Joey-Bold.ttf"; sourceTree = "<group>"; };
		4EF999F5290AE80300AB2D56 /* Nunito-Bold.ttf */ = {isa = PBXFileReference; lastKnownFileType = file; name = "Nunito-Bold.ttf"; path = "../../../Nunito (1)/static/Nunito-Bold.ttf"; sourceTree = "<group>"; };
/* End PBXFileReference section */

/* Begin PBXFrameworksBuildPhase section */
		4EC6D01C290972E70079062F /* Frameworks */ = {
			isa = PBXFrameworksBuildPhase;
			buildActionMask = 2147483647;
			files = (
			);
			runOnlyForDeploymentPostprocessing = 0;
		};
/* End PBXFrameworksBuildPhase section */

/* Begin PBXGroup section */
		4E76BB4C290B00FC00DDF52B /* Controllers */ = {
			isa = PBXGroup;
			children = (
				4EC6D026290972E70079062F /* ViewController.swift */,
				4E76BB4D290B011F00DDF52B /* WelcomePageController.swift */,
				4E76BB4F290C8D5F00DDF52B /* ListPageController.swift */,
			);
			path = Controllers;
			sourceTree = "<group>";
		};
		4EC6D016290972E70079062F = {
			isa = PBXGroup;
			children = (
				4EC6D021290972E70079062F /* loveitlife */,
				4EC6D020290972E70079062F /* Products */,
			);
			sourceTree = "<group>";
		};
		4EC6D020290972E70079062F /* Products */ = {
			isa = PBXGroup;
			children = (
				4EC6D01F290972E70079062F /* loveitlife.app */,
			);
			name = Products;
			sourceTree = "<group>";
		};
		4EC6D021290972E70079062F /* loveitlife */ = {
			isa = PBXGroup;
			children = (
				4EC6D022290972E70079062F /* AppDelegate.swift */,
				4EC6D024290972E70079062F /* SceneDelegate.swift */,
				4E76BB4C290B00FC00DDF52B /* Controllers */,
				4EC6D028290972E70079062F /* Main.storyboard */,
				4EF999B4290AD6D300AB2D56 /* Fonts */,
				4EC6D02B290972E70079062F /* Assets.xcassets */,
				4EC6D02D290972E70079062F /* LaunchScreen.storyboard */,
				4EC6D030290972E70079062F /* Info.plist */,
			);
			path = loveitlife;
			sourceTree = "<group>";
		};
		4EF999B4290AD6D300AB2D56 /* Fonts */ = {
			isa = PBXGroup;
			children = (
				4EE011E2290AF151008B79AB /* Nunito-Medium.ttf */,
				4EE011E4290AF444008B79AB /* Nunito-Light.ttf */,
				4EF999EF290AE4A100AB2D56 /* Ubuntu-Title.ttf */,
				4EF999F1290AE61000AB2D56 /* MavenPro-VariableFont_wght.ttf */,
				4EF999F3290AE72600AB2D56 /* FS-Joey-Bold.ttf */,
				4EF999F5290AE80300AB2D56 /* Nunito-Bold.ttf */,
			);
			path = Fonts;
			sourceTree = "<group>";
		};
/* End PBXGroup section */

/* Begin PBXNativeTarget section */
		4EC6D01E290972E70079062F /* loveitlife */ = {
			isa = PBXNativeTarget;
			buildConfigurationList = 4EC6D033290972E70079062F /* Build configuration list for PBXNativeTarget "loveitlife" */;
			buildPhases = (
				4EC6D01B290972E70079062F /* Sources */,
				4EC6D01C290972E70079062F /* Frameworks */,
				4EC6D01D290972E70079062F /* Resources */,
			);
			buildRules = (
			);
			dependencies = (
			);
			name = loveitlife;
			productName = loveitlife;
			productReference = 4EC6D01F290972E70079062F /* loveitlife.app */;
			productType = "com.apple.product-type.application";
		};
/* End PBXNativeTarget section */

/* Begin PBXProject section */
		4EC6D017290972E70079062F /* Project object */ = {
			isa = PBXProject;
			attributes = {
				BuildIndependentTargetsInParallel = 1;
				LastSwiftUpdateCheck = 1340;
				LastUpgradeCheck = 1340;
				TargetAttributes = {
					4EC6D01E290972E70079062F = {
						CreatedOnToolsVersion = 13.4.1;
					};
				};
			};
			buildConfigurationList = 4EC6D01A290972E70079062F /* Build configuration list for PBXProject "loveitlife" */;
			compatibilityVersion = "Xcode 13.0";
			developmentRegion = en;
			hasScannedForEncodings = 0;
			knownRegions = (
				en,
				Base,
			);
			mainGroup = 4EC6D016290972E70079062F;
			productRefGroup = 4EC6D020290972E70079062F /* Products */;
			projectDirPath = "";
			projectRoot = "";
			targets = (
				4EC6D01E290972E70079062F /* loveitlife */,
			);
		};
/* End PBXProject section */

/* Begin PBXResourcesBuildPhase section */
		4EC6D01D290972E70079062F /* Resources */ = {
			isa = PBXResourcesBuildPhase;
			buildActionMask = 2147483647;
			files = (
				4EF999F0290AE4A100AB2D56 /* Ubuntu-Title.ttf in Resources */,
				4EF999F4290AE72600AB2D56 /* FS-Joey-Bold.ttf in Resources */,
				4EF999F2290AE61000AB2D56 /* MavenPro-VariableFont_wght.ttf in Resources */,
				4EC6D02F290972E70079062F /* LaunchScreen.storyboard in Resources */,
				4EC6D02C290972E70079062F /* Assets.xcassets in Resources */,
				4EE011E5290AF444008B79AB /* Nunito-Light.ttf in Resources */,
				4EF999F6290AE80300AB2D56 /* Nunito-Bold.ttf in Resources */,
				4EC6D02A290972E70079062F /* Main.storyboard in Resources */,
				4EE011E3290AF151008B79AB /* Nunito-Medium.ttf in Resources */,
			);
			runOnlyForDeploymentPostprocessing = 0;
		};
/* End PBXResourcesBuildPhase section */

/* Begin PBXSourcesBuildPhase section */
		4EC6D01B290972E70079062F /* Sources */ = {
			isa = PBXSourcesBuildPhase;
			buildActionMask = 2147483647;
			files = (
				4EC6D027290972E70079062F /* ViewController.swift in Sources */,
				4E76BB4E290B011F00DDF52B /* WelcomePageController.swift in Sources */,
				4EC6D023290972E70079062F /* AppDelegate.swift in Sources */,
				4EC6D025290972E70079062F /* SceneDelegate.swift in Sources */,
				4E76BB50290C8D5F00DDF52B /* ListPageController.swift in Sources */,
			);
			runOnlyForDeploymentPostprocessing = 0;
		};
/* End PBXSourcesBuildPhase section */

/* Begin PBXVariantGroup section */
		4EC6D028290972E70079062F /* Main.storyboard */ = {
			isa = PBXVariantGroup;
			children = (
				4EC6D029290972E70079062F /* Base */,
			);
			name = Main.storyboard;
			sourceTree = "<group>";
		};
		4EC6D02D290972E70079062F /* LaunchScreen.storyboard */ = {
			isa = PBXVariantGroup;
			children = (
				4EC6D02E290972E70079062F /* Base */,
			);
			name = LaunchScreen.storyboard;
			sourceTree = "<group>";
		};
/* End PBXVariantGroup section */

/* Begin XCBuildConfiguration section */
		4EC6D031290972E70079062F /* Debug */ = {
			isa = XCBuildConfiguration;
			buildSettings = {
				ALWAYS_SEARCH_USER_PATHS = NO;
				CLANG_ANALYZER_NONNULL = YES;
				CLANG_ANALYZER_NUMBER_OBJECT_CONVERSION = YES_AGGRESSIVE;
				CLANG_CXX_LANGUAGE_STANDARD = "gnu++17";
				CLANG_ENABLE_MODULES = YES;
				CLANG_ENABLE_OBJC_ARC = YES;
				CLANG_ENABLE_OBJC_WEAK = YES;
				CLANG_WARN_BLOCK_CAPTURE_AUTORELEASING = YES;
				CLANG_WARN_BOOL_CONVERSION = YES;
				CLANG_WARN_COMMA = YES;
				CLANG_WARN_CONSTANT_CONVERSION = YES;
				CLANG_WARN_DEPRECATED_OBJC_IMPLEMENTATIONS = YES;
				CLANG_WARN_DIRECT_OBJC_ISA_USAGE = YES_ERROR;
				CLANG_WARN_DOCUMENTATION_COMMENTS = YES;
				CLANG_WARN_EMPTY_BODY = YES;
				CLANG_WARN_ENUM_CONVERSION = YES;
				CLANG_WARN_INFINITE_RECURSION = YES;
				CLANG_WARN_INT_CONVERSION = YES;
				CLANG_WARN_NON_LITERAL_NULL_CONVERSION = YES;
				CLANG_WARN_OBJC_IMPLICIT_RETAIN_SELF = YES;
				CLANG_WARN_OBJC_LITERAL_CONVERSION = YES;
				CLANG_WARN_OBJC_ROOT_CLASS = YES_ERROR;
				CLANG_WARN_QUOTED_INCLUDE_IN_FRAMEWORK_HEADER = YES;
				CLANG_WARN_RANGE_LOOP_ANALYSIS = YES;
				CLANG_WARN_STRICT_PROTOTYPES = YES;
				CLANG_WARN_SUSPICIOUS_MOVE = YES;
				CLANG_WARN_UNGUARDED_AVAILABILITY = YES_AGGRESSIVE;
				CLANG_WARN_UNREACHABLE_CODE = YES;
				CLANG_WARN__DUPLICATE_METHOD_MATCH = YES;
				COPY_PHASE_STRIP = NO;
				DEBUG_INFORMATION_FORMAT = dwarf;
				ENABLE_STRICT_OBJC_MSGSEND = YES;
				ENABLE_TESTABILITY = YES;
				GCC_C_LANGUAGE_STANDARD = gnu11;
				GCC_DYNAMIC_NO_PIC = NO;
				GCC_NO_COMMON_BLOCKS = YES;
				GCC_OPTIMIZATION_LEVEL = 0;
				GCC_PREPROCESSOR_DEFINITIONS = (
					"DEBUG=1",
					"$(inherited)",
				);
				GCC_WARN_64_TO_32_BIT_CONVERSION = YES;
				GCC_WARN_ABOUT_RETURN_TYPE = YES_ERROR;
				GCC_WARN_UNDECLARED_SELECTOR = YES;
				GCC_WARN_UNINITIALIZED_AUTOS = YES_AGGRESSIVE;
				GCC_WARN_UNUSED_FUNCTION = YES;
				GCC_WARN_UNUSED_VARIABLE = YES;
				IPHONEOS_DEPLOYMENT_TARGET = 15.5;
				MTL_ENABLE_DEBUG_INFO = INCLUDE_SOURCE;
				MTL_FAST_MATH = YES;
				ONLY_ACTIVE_ARCH = YES;
				SDKROOT = iphoneos;
				SWIFT_ACTIVE_COMPILATION_CONDITIONS = DEBUG;
				SWIFT_OPTIMIZATION_LEVEL = "-Onone";
			};
			name = Debug;
		};
		4EC6D032290972E70079062F /* Release */ = {
			isa = XCBuildConfiguration;
			buildSettings = {
				ALWAYS_SEARCH_USER_PATHS = NO;
				CLANG_ANALYZER_NONNULL = YES;
				CLANG_ANALYZER_NUMBER_OBJECT_CONVERSION = YES_AGGRESSIVE;
				CLANG_CXX_LANGUAGE_STANDARD = "gnu++17";
				CLANG_ENABLE_MODULES = YES;
				CLANG_ENABLE_OBJC_ARC = YES;
				CLANG_ENABLE_OBJC_WEAK = YES;
				CLANG_WARN_BLOCK_CAPTURE_AUTORELEASING = YES;
				CLANG_WARN_BOOL_CONVERSION = YES;
				CLANG_WARN_COMMA = YES;
				CLANG_WARN_CONSTANT_CONVERSION = YES;
				CLANG_WARN_DEPRECATED_OBJC_IMPLEMENTATIONS = YES;
				CLANG_WARN_DIRECT_OBJC_ISA_USAGE = YES_ERROR;
				CLANG_WARN_DOCUMENTATION_COMMENTS = YES;
				CLANG_WARN_EMPTY_BODY = YES;
				CLANG_WARN_ENUM_CONVERSION = YES;
				CLANG_WARN_INFINITE_RECURSION = YES;
				CLANG_WARN_INT_CONVERSION = YES;
				CLANG_WARN_NON_LITERAL_NULL_CONVERSION = YES;
				CLANG_WARN_OBJC_IMPLICIT_RETAIN_SELF = YES;
				CLANG_WARN_OBJC_LITERAL_CONVERSION = YES;
				CLANG_WARN_OBJC_ROOT_CLASS = YES_ERROR;
				CLANG_WARN_QUOTED_INCLUDE_IN_FRAMEWORK_HEADER = YES;
				CLANG_WARN_RANGE_LOOP_ANALYSIS = YES;
				CLANG_WARN_STRICT_PROTOTYPES = YES;
				CLANG_WARN_SUSPICIOUS_MOVE = YES;
				CLANG_WARN_UNGUARDED_AVAILABILITY = YES_AGGRESSIVE;
				CLANG_WARN_UNREACHABLE_CODE = YES;
				CLANG_WARN__DUPLICATE_METHOD_MATCH = YES;
				COPY_PHASE_STRIP = NO;
				DEBUG_INFORMATION_FORMAT = "dwarf-with-dsym";
				ENABLE_NS_ASSERTIONS = NO;
				ENABLE_STRICT_OBJC_MSGSEND = YES;
				GCC_C_LANGUAGE_STANDARD = gnu11;
				GCC_NO_COMMON_BLOCKS = YES;
				GCC_WARN_64_TO_32_BIT_CONVERSION = YES;
				GCC_WARN_ABOUT_RETURN_TYPE = YES_ERROR;
				GCC_WARN_UNDECLARED_SELECTOR = YES;
				GCC_WARN_UNINITIALIZED_AUTOS = YES_AGGRESSIVE;
				GCC_WARN_UNUSED_FUNCTION = YES;
				GCC_WARN_UNUSED_VARIABLE = YES;
				IPHONEOS_DEPLOYMENT_TARGET = 15.5;
				MTL_ENABLE_DEBUG_INFO = NO;
				MTL_FAST_MATH = YES;
				SDKROOT = iphoneos;
				SWIFT_COMPILATION_MODE = wholemodule;
				SWIFT_OPTIMIZATION_LEVEL = "-O";
				VALIDATE_PRODUCT = YES;
			};
			name = Release;
		};
		4EC6D034290972E70079062F /* Debug */ = {
			isa = XCBuildConfiguration;
			buildSettings = {
				ASSETCATALOG_COMPILER_APPICON_NAME = AppIcon;
				ASSETCATALOG_COMPILER_GLOBAL_ACCENT_COLOR_NAME = AccentColor;
				CODE_SIGN_STYLE = Automatic;
				CURRENT_PROJECT_VERSION = 1;
				GENERATE_INFOPLIST_FILE = YES;
				INFOPLIST_FILE = loveitlife/Info.plist;
				INFOPLIST_KEY_UIApplicationSupportsIndirectInputEvents = YES;
				INFOPLIST_KEY_UILaunchStoryboardName = LaunchScreen;
				INFOPLIST_KEY_UIMainStoryboardFile = Main;
				INFOPLIST_KEY_UISupportedInterfaceOrientations_iPad = "UIInterfaceOrientationPortrait UIInterfaceOrientationPortraitUpsideDown UIInterfaceOrientationLandscapeLeft UIInterfaceOrientationLandscapeRight";
				INFOPLIST_KEY_UISupportedInterfaceOrientations_iPhone = "UIInterfaceOrientationPortrait UIInterfaceOrientationLandscapeLeft UIInterfaceOrientationLandscapeRight";
				LD_RUNPATH_SEARCH_PATHS = (
					"$(inherited)",
					"@executable_path/Frameworks",
				);
				MARKETING_VERSION = 1.0;
				PRODUCT_BUNDLE_IDENTIFIER = com.Patrick.loveitlife;
				PRODUCT_NAME = "$(TARGET_NAME)";
				SWIFT_EMIT_LOC_STRINGS = YES;
				SWIFT_VERSION = 5.0;
				TARGETED_DEVICE_FAMILY = "1,2";
			};
			name = Debug;
		};
		4EC6D035290972E70079062F /* Release */ = {
			isa = XCBuildConfiguration;
			buildSettings = {
				ASSETCATALOG_COMPILER_APPICON_NAME = AppIcon;
				ASSETCATALOG_COMPILER_GLOBAL_ACCENT_COLOR_NAME = AccentColor;
				CODE_SIGN_STYLE = Automatic;
				CURRENT_PROJECT_VERSION = 1;
				GENERATE_INFOPLIST_FILE = YES;
				INFOPLIST_FILE = loveitlife/Info.plist;
				INFOPLIST_KEY_UIApplicationSupportsIndirectInputEvents = YES;
				INFOPLIST_KEY_UILaunchStoryboardName = LaunchScreen;
				INFOPLIST_KEY_UIMainStoryboardFile = Main;
				INFOPLIST_KEY_UISupportedInterfaceOrientations_iPad = "UIInterfaceOrientationPortrait UIInterfaceOrientationPortraitUpsideDown UIInterfaceOrientationLandscapeLeft UIInterfaceOrientationLandscapeRight";
				INFOPLIST_KEY_UISupportedInterfaceOrientations_iPhone = "UIInterfaceOrientationPortrait UIInterfaceOrientationLandscapeLeft UIInterfaceOrientationLandscapeRight";
				LD_RUNPATH_SEARCH_PATHS = (
					"$(inherited)",
					"@executable_path/Frameworks",
				);
				MARKETING_VERSION = 1.0;
				PRODUCT_BUNDLE_IDENTIFIER = com.Patrick.loveitlife;
				PRODUCT_NAME = "$(TARGET_NAME)";
				SWIFT_EMIT_LOC_STRINGS = YES;
				SWIFT_VERSION = 5.0;
				TARGETED_DEVICE_FAMILY = "1,2";
			};
			name = Release;
		};
/* End XCBuildConfiguration section */

/* Begin XCConfigurationList section */
		4EC6D01A290972E70079062F /* Build configuration list for PBXProject "loveitlife" */ = {
			isa = XCConfigurationList;
			buildConfigurations = (
				4EC6D031290972E70079062F /* Debug */,
				4EC6D032290972E70079062F /* Release */,
			);
			defaultConfigurationIsVisible = 0;
			defaultConfigurationName = Release;
		};
		4EC6D033290972E70079062F /* Build configuration list for PBXNativeTarget "loveitlife" */ = {
			isa = XCConfigurationList;
			buildConfigurations = (
				4EC6D034290972E70079062F /* Debug */,
				4EC6D035290972E70079062F /* Release */,
			);
			defaultConfigurationIsVisible = 0;
			defaultConfigurationName = Release;
		};
/* End XCConfigurationList section */
	};
	rootObject = 4EC6D017290972E70079062F /* Project object */;
}
